PODS:
  - RSSwizzle (0.1.0)
  - SHKeyValueObserverBlocks (2.0.2):
    - RSSwizzle (~> 0.1.0)

DEPENDENCIES:
  - SHKeyValueObserverBlocks (from `../`)

EXTERNAL SOURCES:
  SHKeyValueObserverBlocks:
    :path: ../

SPEC CHECKSUMS:
  RSSwizzle: ab39962b7ec56d19c2318ec1127e253797121363
  SHKeyValueObserverBlocks: 35ee21caa68d3c8bb38cb4ebe529f510d745dcbd

COCOAPODS: 0.35.0
